
Microsoft Visual Studio Solution File, Format Version 12.00
# Visual Studio 14
VisualStudioVersion = 14.0.25420.1
MinimumVisualStudioVersion = 10.0.40219.1
Project("{2150E333-8FDC-42A3-9474-1A3956D46DE8}") = "SolutionItems", "SolutionItems", "{72194A8F-44CC-4564-9B5F-49C28951BCD3}"
	ProjectSection(SolutionItems) = preProject
		README.md = README.md
	EndProjectSection
EndProject
Project("{FAE04EC0-301F-11D3-BF4B-00C04F79EFBC}") = "Pequod.Core", "Pequod.Core\Pequod.Core.csproj", "{A97EFD8D-1AE6-4BCD-99B4-D4AE854A0E72}"
EndProject
Project("{FAE04EC0-301F-11D3-BF4B-00C04F79EFBC}") = "Pequod.Tests", "Pequod.Tests\Pequod.Tests.csproj", "{CD929E57-3945-4F9D-938A-0577EA610D6F}"
EndProject
Project("{FAE04EC0-301F-11D3-BF4B-00C04F79EFBC}") = "Pequod.CommandLine", "Pequod.CommandLine\Pequod.CommandLine.csproj", "{E1E52927-CFE5-4CC9-A2F5-49D2191C4F4B}"
EndProject
Global
	GlobalSection(SolutionConfigurationPlatforms) = preSolution
		Debug|Any CPU = Debug|Any CPU
		Release|Any CPU = Release|Any CPU
	EndGlobalSection
	GlobalSection(ProjectConfigurationPlatforms) = postSolution
		{A97EFD8D-1AE6-4BCD-99B4-D4AE854A0E72}.Debug|Any CPU.ActiveCfg = Debug|Any CPU
		{A97EFD8D-1AE6-4BCD-99B4-D4AE854A0E72}.Debug|Any CPU.Build.0 = Debug|Any CPU
		{A97EFD8D-1AE6-4BCD-99B4-D4AE854A0E72}.Release|Any CPU.ActiveCfg = Release|Any CPU
		{A97EFD8D-1AE6-4BCD-99B4-D4AE854A0E72}.Release|Any CPU.Build.0 = Release|Any CPU
		{CD929E57-3945-4F9D-938A-0577EA610D6F}.Debug|Any CPU.ActiveCfg = Debug|Any CPU
		{CD929E57-3945-4F9D-938A-0577EA610D6F}.Debug|Any CPU.Build.0 = Debug|Any CPU
		{CD929E57-3945-4F9D-938A-0577EA610D6F}.Release|Any CPU.ActiveCfg = Release|Any CPU
		{CD929E57-3945-4F9D-938A-0577EA610D6F}.Release|Any CPU.Build.0 = Release|Any CPU
		{E1E52927-CFE5-4CC9-A2F5-49D2191C4F4B}.Debug|Any CPU.ActiveCfg = Debug|Any CPU
		{E1E52927-CFE5-4CC9-A2F5-49D2191C4F4B}.Debug|Any CPU.Build.0 = Debug|Any CPU
		{E1E52927-CFE5-4CC9-A2F5-49D2191C4F4B}.Release|Any CPU.ActiveCfg = Release|Any CPU
		{E1E52927-CFE5-4CC9-A2F5-49D2191C4F4B}.Release|Any CPU.Build.0 = Release|Any CPU
	EndGlobalSection
	GlobalSection(SolutionProperties) = preSolution
		HideSolutionNode = FALSE
	EndGlobalSection
EndGlobal
